// !$*UTF8*$!
{
	archiveVersion = 1;
	classes = {
	};
	objectVersion = 46;
	objects = {

/* Begin PBXBuildFile section */
		0002C47E1CAABF0E0060CFA5 /* BLERunningDashboard.swift in Sources */ = {isa = PBXBuildFile; fileRef = 0002C47D1CAABF0E0060CFA5 /* BLERunningDashboard.swift */; };
		0016670C1C9958B70048344F /* BLESimulatedNinebot.swift in Sources */ = {isa = PBXBuildFile; fileRef = 0016670B1C9958B70048344F /* BLESimulatedNinebot.swift */; };
		0016670E1C995A290048344F /* simulated_log.txt in Resources */ = {isa = PBXBuildFile; fileRef = 0016670D1C995A290048344F /* simulated_log.txt */; };
		001667101C9967290048344F /* Settings.bundle in Resources */ = {isa = PBXBuildFile; fileRef = 0016670F1C9967290048344F /* Settings.bundle */; };
		0029253F1CBA3B3400AEA843 /* Notes.rtf in Resources */ = {isa = PBXBuildFile; fileRef = 0029253E1CBA3B3400AEA843 /* Notes.rtf */; };
		0036EDA61C9B0BB500B7597A /* BLERequestOperation.swift in Sources */ = {isa = PBXBuildFile; fileRef = 0036EDA51C9B0BB500B7597A /* BLERequestOperation.swift */; };
		00389AFF1C9986A4007BADDC /* Default-568h@2x.png in Resources */ = {isa = PBXBuildFile; fileRef = 00389AFE1C9986A4007BADDC /* Default-568h@2x.png */; };
		003CC9161CCA79C50020F83B /* BLEHistoDashboard.swift in Sources */ = {isa = PBXBuildFile; fileRef = 003CC9151CCA79C50020F83B /* BLEHistoDashboard.swift */; };
		004A297C1CCA2D0A00D6A9A1 /* TMKVerticalView.swift in Sources */ = {isa = PBXBuildFile; fileRef = 004A297B1CCA2D0A00D6A9A1 /* TMKVerticalView.swift */; };
		004A297E1CCA36F300D6A9A1 /* TMKLevelView.swift in Sources */ = {isa = PBXBuildFile; fileRef = 004A297D1CCA36F300D6A9A1 /* TMKLevelView.swift */; };
		004F45CB1CAD9DE10071B7C4 /* MapKit.framework in Frameworks */ = {isa = PBXBuildFile; fileRef = 004F45CA1CAD9DE10071B7C4 /* MapKit.framework */; };
		00649CF51DD346FC00790DE3 /* BLEInMotionAdapter.swift in Sources */ = {isa = PBXBuildFile; fileRef = 00649CF41DD346FC00790DE3 /* BLEInMotionAdapter.swift */; };
		0066C8AD1D86CE0F005DE94F /* BLEMimServer.swift in Sources */ = {isa = PBXBuildFile; fileRef = 0066C8AC1D86CE0F005DE94F /* BLEMimServer.swift */; };
		0066C8AF1D86CE93005DE94F /* BLEMimConnection.swift in Sources */ = {isa = PBXBuildFile; fileRef = 0066C8AE1D86CE93005DE94F /* BLEMimConnection.swift */; };
		0066C8B11D885EB4005DE94F /* BLEMimConnectionDelegate.swift in Sources */ = {isa = PBXBuildFile; fileRef = 0066C8B01D885EB3005DE94F /* BLEMimConnectionDelegate.swift */; };
		0079E9891D8E8071004A09BB /* BLEWheelSelector.swift in Sources */ = {isa = PBXBuildFile; fileRef = 0079E9881D8E8071004A09BB /* BLEWheelSelector.swift */; };
		0079E98B1D927A0E004A09BB /* KingSongAdapter.swift in Sources */ = {isa = PBXBuildFile; fileRef = 0079E98A1D927A0E004A09BB /* KingSongAdapter.swift */; };
		007A31FD1CB7F04100BB928D /* BLEMapViewController.swift in Sources */ = {isa = PBXBuildFile; fileRef = 007A31FC1CB7F04100BB928D /* BLEMapViewController.swift */; };
		007A31FF1CB820DA00BB928D /* Main.storyboard in Resources */ = {isa = PBXBuildFile; fileRef = 007A31FE1CB820DA00BB928D /* Main.storyboard */; };
		007A57181C85CE49003A2030 /* AppDelegate.swift in Sources */ = {isa = PBXBuildFile; fileRef = 007A57171C85CE49003A2030 /* AppDelegate.swift */; };
		007A571A1C85CE49003A2030 /* ViewController.swift in Sources */ = {isa = PBXBuildFile; fileRef = 007A57191C85CE49003A2030 /* ViewController.swift */; };
		007A57271C85CE49003A2030 /* 9BMetrics WatchKit App.app in Embed Watch Content */ = {isa = PBXBuildFile; fileRef = 007A57261C85CE49003A2030 /* 9BMetrics WatchKit App.app */; };
		007A57361C85CE49003A2030 /* 9BMetrics WatchKit Extension.appex in Embed App Extensions */ = {isa = PBXBuildFile; fileRef = 007A57351C85CE49003A2030 /* 9BMetrics WatchKit Extension.appex */; settings = {ATTRIBUTES = (RemoveHeadersOnCopy, ); }; };
		007A573B1C85CE49003A2030 /* InterfaceController.swift in Sources */ = {isa = PBXBuildFile; fileRef = 007A573A1C85CE49003A2030 /* InterfaceController.swift */; };
		007A573D1C85CE49003A2030 /* ExtensionDelegate.swift in Sources */ = {isa = PBXBuildFile; fileRef = 007A573C1C85CE49003A2030 /* ExtensionDelegate.swift */; };
		007A573F1C85CE49003A2030 /* Assets.xcassets in Resources */ = {isa = PBXBuildFile; fileRef = 007A573E1C85CE49003A2030 /* Assets.xcassets */; };
		007A57551C85CE69003A2030 /* icon_ipad@2x.png in Resources */ = {isa = PBXBuildFile; fileRef = 007A574F1C85CE69003A2030 /* icon_ipad@2x.png */; };
		007A57561C85CE69003A2030 /* icon_ipad.png in Resources */ = {isa = PBXBuildFile; fileRef = 007A57501C85CE69003A2030 /* icon_ipad.png */; };
		007A57571C85CE69003A2030 /* Ninebot-One-4.jpg in Resources */ = {isa = PBXBuildFile; fileRef = 007A57511C85CE69003A2030 /* Ninebot-One-4.jpg */; };
		007A57581C85CE69003A2030 /* about.html in Resources */ = {isa = PBXBuildFile; fileRef = 007A57521C85CE69003A2030 /* about.html */; };
		007A57591C85CE69003A2030 /* nb_512.png in Resources */ = {isa = PBXBuildFile; fileRef = 007A57531C85CE69003A2030 /* nb_512.png */; };
		007A575A1C85CE69003A2030 /* License_GPL30.html in Resources */ = {isa = PBXBuildFile; fileRef = 007A57541C85CE69003A2030 /* License_GPL30.html */; };
		007A575F1C85CEFC003A2030 /* LaunchScreen.storyboard in Resources */ = {isa = PBXBuildFile; fileRef = 007A575E1C85CEFC003A2030 /* LaunchScreen.storyboard */; };
		007A57611C85CF0A003A2030 /* Assets.xcassets in Resources */ = {isa = PBXBuildFile; fileRef = 007A57601C85CF0A003A2030 /* Assets.xcassets */; };
		007A57741C85CF39003A2030 /* TMKGraphViewDataSource.swift in Sources */ = {isa = PBXBuildFile; fileRef = 007A57621C85CF39003A2030 /* TMKGraphViewDataSource.swift */; };
		007A57751C85CF39003A2030 /* TMKGraphContentView.swift in Sources */ = {isa = PBXBuildFile; fileRef = 007A57631C85CF39003A2030 /* TMKGraphContentView.swift */; };
		007A57761C85CF39003A2030 /* TMKGraphView.swift in Sources */ = {isa = PBXBuildFile; fileRef = 007A57641C85CF39003A2030 /* TMKGraphView.swift */; };
		007A57771C85CF39003A2030 /* GraphViewController.swift in Sources */ = {isa = PBXBuildFile; fileRef = 007A57651C85CF39003A2030 /* GraphViewController.swift */; };
		007A57781C85CF39003A2030 /* PickerActivity.swift in Sources */ = {isa = PBXBuildFile; fileRef = 007A57661C85CF39003A2030 /* PickerActivity.swift */; };
		007A57791C85CF39003A2030 /* BLENinebot.swift in Sources */ = {isa = PBXBuildFile; fileRef = 007A57671C85CF39003A2030 /* BLENinebot.swift */; };
		007A577A1C85CF39003A2030 /* BLENinebotMessage.swift in Sources */ = {isa = PBXBuildFile; fileRef = 007A57681C85CF39003A2030 /* BLENinebotMessage.swift */; };
		007A577C1C85CF39003A2030 /* BLENinebotServerDelegate.swift in Sources */ = {isa = PBXBuildFile; fileRef = 007A576A1C85CF39003A2030 /* BLENinebotServerDelegate.swift */; };
		007A577E1C85CF39003A2030 /* BLESimulatedClient.swift in Sources */ = {isa = PBXBuildFile; fileRef = 007A576C1C85CF39003A2030 /* BLESimulatedClient.swift */; };
		007A577F1C85CF39003A2030 /* BLESimulatedServer.swift in Sources */ = {isa = PBXBuildFile; fileRef = 007A576D1C85CF39003A2030 /* BLESimulatedServer.swift */; };
		007A57811C85CF39003A2030 /* BLEDeviceSelector.swift in Sources */ = {isa = PBXBuildFile; fileRef = 007A576F1C85CF39003A2030 /* BLEDeviceSelector.swift */; };
		007A57821C85CF39003A2030 /* BLEMim.swift in Sources */ = {isa = PBXBuildFile; fileRef = 007A57701C85CF39003A2030 /* BLEMim.swift */; };
		007A57831C85CF39003A2030 /* SettingsViewController.swift in Sources */ = {isa = PBXBuildFile; fileRef = 007A57711C85CF39003A2030 /* SettingsViewController.swift */; };
		007A57841C85CF39003A2030 /* BLENinebotSettingsViewController.swift in Sources */ = {isa = PBXBuildFile; fileRef = 007A57721C85CF39003A2030 /* BLENinebotSettingsViewController.swift */; };
		007A57851C85CF39003A2030 /* DocController.swift in Sources */ = {isa = PBXBuildFile; fileRef = 007A57731C85CF39003A2030 /* DocController.swift */; };
		007A57871C85CF80003A2030 /* Interface.storyboard in Resources */ = {isa = PBXBuildFile; fileRef = 007A57861C85CF80003A2030 /* Interface.storyboard */; };
		007A57891C85CF8D003A2030 /* Assets.xcassets in Resources */ = {isa = PBXBuildFile; fileRef = 007A57881C85CF8D003A2030 /* Assets.xcassets */; };
		007CE2F81CCBD5260005828F /* KTCenterFlowLayout.swift in Sources */ = {isa = PBXBuildFile; fileRef = 007CE2F71CCBD5260005828F /* KTCenterFlowLayout.swift */; };
		007D4A171E239A0D008624E6 /* WheelInfoCell.swift in Sources */ = {isa = PBXBuildFile; fileRef = 007D4A161E239A0D008624E6 /* WheelInfoCell.swift */; };
		008BB5A31DA6A6340073B5A0 /* String+Localized.swift in Sources */ = {isa = PBXBuildFile; fileRef = 008BB5A21DA6A6340073B5A0 /* String+Localized.swift */; };
		008E3D891CDA7B2C0010A5D4 /* BLEWheelAdapterProtocol.swift in Sources */ = {isa = PBXBuildFile; fileRef = 008E3D881CDA7B2C0010A5D4 /* BLEWheelAdapterProtocol.swift */; };
		008E3D8B1CDA7D670010A5D4 /* BLENinebotOneAdapter.swift in Sources */ = {isa = PBXBuildFile; fileRef = 008E3D8A1CDA7D670010A5D4 /* BLENinebotOneAdapter.swift */; };
		00A4A1921D943E020058C846 /* NinebotS12Adapter.swift in Sources */ = {isa = PBXBuildFile; fileRef = 00A4A1911D943E020058C846 /* NinebotS12Adapter.swift */; };
		00AB592F1CAEE5EC00277859 /* Zip.swift in Sources */ = {isa = PBXBuildFile; fileRef = 00AB592C1CAEE5EC00277859 /* Zip.swift */; };
		00AB59301CAEE5EC00277859 /* ZipUtilities.swift in Sources */ = {isa = PBXBuildFile; fileRef = 00AB592D1CAEE5EC00277859 /* ZipUtilities.swift */; };
		00AB59311CAEE5EC00277859 /* QuickZip.swift in Sources */ = {isa = PBXBuildFile; fileRef = 00AB592E1CAEE5EC00277859 /* QuickZip.swift */; };
		00AB593B1CAEE61700277859 /* unzip.c in Sources */ = {isa = PBXBuildFile; fileRef = 00AB59341CAEE61700277859 /* unzip.c */; };
		00AB593C1CAEE61700277859 /* minizip.c in Sources */ = {isa = PBXBuildFile; fileRef = 00AB59361CAEE61700277859 /* minizip.c */; };
		00AB593D1CAEE61700277859 /* ioapi.c in Sources */ = {isa = PBXBuildFile; fileRef = 00AB59391CAEE61700277859 /* ioapi.c */; };
		00AB59541CAEE64000277859 /* aescrypt.c in Sources */ = {isa = PBXBuildFile; fileRef = 00AB59411CAEE64000277859 /* aescrypt.c */; };
		00AB59551CAEE64000277859 /* aeskey.c in Sources */ = {isa = PBXBuildFile; fileRef = 00AB59421CAEE64000277859 /* aeskey.c */; };
		00AB59561CAEE64000277859 /* aestab.c in Sources */ = {isa = PBXBuildFile; fileRef = 00AB59441CAEE64000277859 /* aestab.c */; };
		00AB59571CAEE64000277859 /* entropy.c in Sources */ = {isa = PBXBuildFile; fileRef = 00AB59481CAEE64000277859 /* entropy.c */; };
		00AB59581CAEE64000277859 /* fileenc.c in Sources */ = {isa = PBXBuildFile; fileRef = 00AB594A1CAEE64000277859 /* fileenc.c */; };
		00AB59591CAEE64000277859 /* hmac.c in Sources */ = {isa = PBXBuildFile; fileRef = 00AB594C1CAEE64000277859 /* hmac.c */; };
		00AB595A1CAEE64000277859 /* prng.c in Sources */ = {isa = PBXBuildFile; fileRef = 00AB594E1CAEE64000277859 /* prng.c */; };
		00AB595B1CAEE64000277859 /* pwd2key.c in Sources */ = {isa = PBXBuildFile; fileRef = 00AB59501CAEE64000277859 /* pwd2key.c */; };
		00AB595C1CAEE64000277859 /* sha1.c in Sources */ = {isa = PBXBuildFile; fileRef = 00AB59521CAEE64000277859 /* sha1.c */; };
		00AB595E1CAEE65E00277859 /* libz.tbd in Frameworks */ = {isa = PBXBuildFile; fileRef = 00AB595D1CAEE65E00277859 /* libz.tbd */; };
		00B266361CC3FF4F00FCDAC5 /* TMKImage.swift in Sources */ = {isa = PBXBuildFile; fileRef = 00B266351CC3FF4F00FCDAC5 /* TMKImage.swift */; };
		00B9E0FC1E3F5492004391EE /* WheelSelectorDelegate.swift in Sources */ = {isa = PBXBuildFile; fileRef = 00B9E0FB1E3F5492004391EE /* WheelSelectorDelegate.swift */; };
		00B9E0FE1E40956F004391EE /* UnitManager.swift in Sources */ = {isa = PBXBuildFile; fileRef = 00B9E0FD1E40956F004391EE /* UnitManager.swift */; };
		00C2667D1DA27D86004D3B02 /* GotawayAdapter.swift in Sources */ = {isa = PBXBuildFile; fileRef = 00C2667C1DA27D86004D3B02 /* GotawayAdapter.swift */; };
		00C4EE601CE076F3000C1C34 /* BLEGraphicRunningDashboard.swift in Sources */ = {isa = PBXBuildFile; fileRef = 00C4EE5F1CE076F3000C1C34 /* BLEGraphicRunningDashboard.swift */; };
		00CF64341CE4C5BD00C5E029 /* TMKClockViewFast.swift in Sources */ = {isa = PBXBuildFile; fileRef = 00CF64331CE4C5BD00C5E029 /* TMKClockViewFast.swift */; };
		00DCEB811CD1D5B200EB66FB /* WheelTrack.swift in Sources */ = {isa = PBXBuildFile; fileRef = 00DCEB801CD1D5B200EB66FB /* WheelTrack.swift */; };
		00DCEB831CD1E5F200EB66FB /* Notifications.swift in Sources */ = {isa = PBXBuildFile; fileRef = 00DCEB821CD1E5F200EB66FB /* Notifications.swift */; };
		00F1A95E1CC9132E00D8EB27 /* TMKClockView.swift in Sources */ = {isa = PBXBuildFile; fileRef = 00F1A95D1CC9132E00D8EB27 /* TMKClockView.swift */; };
		00F822321E19814D0080C644 /* Wheel.swift in Sources */ = {isa = PBXBuildFile; fileRef = 00F822311E19814D0080C644 /* Wheel.swift */; };
		00F822341E19856A0080C644 /* WheelDatabase.swift in Sources */ = {isa = PBXBuildFile; fileRef = 00F822331E19856A0080C644 /* WheelDatabase.swift */; };
		00F822371E1AB9700080C644 /* WheelSelectorTableViewController.swift in Sources */ = {isa = PBXBuildFile; fileRef = 00F822361E1AB9700080C644 /* WheelSelectorTableViewController.swift */; };
		00FFEF001D1F13B500E839AB /* BLEDeviceSelectorDelegate.swift in Sources */ = {isa = PBXBuildFile; fileRef = 00FFEEFF1D1F13B500E839AB /* BLEDeviceSelectorDelegate.swift */; };
/* End PBXBuildFile section */

/* Begin PBXContainerItemProxy section */
		007A57281C85CE49003A2030 /* PBXContainerItemProxy */ = {
			isa = PBXContainerItemProxy;
			containerPortal = 007A570C1C85CE49003A2030 /* Project object */;
			proxyType = 1;
			remoteGlobalIDString = 007A57251C85CE49003A2030;
			remoteInfo = "9BMetrics WatchKit App";
		};
		007A57371C85CE49003A2030 /* PBXContainerItemProxy */ = {
			isa = PBXContainerItemProxy;
			containerPortal = 007A570C1C85CE49003A2030 /* Project object */;
			proxyType = 1;
			remoteGlobalIDString = 007A57341C85CE49003A2030;
			remoteInfo = "9BMetrics WatchKit Extension";
		};
/* End PBXContainerItemProxy section */

/* Begin PBXCopyFilesBuildPhase section */
		007A57461C85CE49003A2030 /* Embed App Extensions */ = {
			isa = PBXCopyFilesBuildPhase;
			buildActionMask = 2147483647;
			dstPath = "";
			dstSubfolderSpec = 13;
			files = (
				007A57361C85CE49003A2030 /* 9BMetrics WatchKit Extension.appex in Embed App Extensions */,
			);
			name = "Embed App Extensions";
			runOnlyForDeploymentPostprocessing = 0;
		};
		007A574A1C85CE49003A2030 /* Embed Watch Content */ = {
			isa = PBXCopyFilesBuildPhase;
			buildActionMask = 2147483647;
			dstPath = "$(CONTENTS_FOLDER_PATH)/Watch";
			dstSubfolderSpec = 16;
			files = (
				007A57271C85CE49003A2030 /* 9BMetrics WatchKit App.app in Embed Watch Content */,
			);
			name = "Embed Watch Content";
			runOnlyForDeploymentPostprocessing = 0;
		};
/* End PBXCopyFilesBuildPhase section */

/* Begin PBXFileReference section */
		0002C47D1CAABF0E0060CFA5 /* BLERunningDashboard.swift */ = {isa = PBXFileReference; fileEncoding = 4; lastKnownFileType = sourcecode.swift; name = BLERunningDashboard.swift; path = 9BMetrics/BLERunningDashboard.swift; sourceTree = "<group>"; };
		0016670B1C9958B70048344F /* BLESimulatedNinebot.swift */ = {isa = PBXFileReference; fileEncoding = 4; lastKnownFileType = sourcecode.swift; name = BLESimulatedNinebot.swift; path = 9BMetrics/BLESimulatedNinebot.swift; sourceTree = "<group>"; };
		0016670D1C995A290048344F /* simulated_log.txt */ = {isa = PBXFileReference; fileEncoding = 4; lastKnownFileType = text; path = simulated_log.txt; sourceTree = "<group>"; };
		0016670F1C9967290048344F /* Settings.bundle */ = {isa = PBXFileReference; lastKnownFileType = "wrapper.plug-in"; path = Settings.bundle; sourceTree = "<group>"; };
		0029253E1CBA3B3400AEA843 /* Notes.rtf */ = {isa = PBXFileReference; fileEncoding = 4; lastKnownFileType = text.rtf; path = Notes.rtf; sourceTree = "<group>"; };
		0036EDA51C9B0BB500B7597A /* BLERequestOperation.swift */ = {isa = PBXFileReference; fileEncoding = 4; lastKnownFileType = sourcecode.swift; name = BLERequestOperation.swift; path = 9BMetrics/BLERequestOperation.swift; sourceTree = "<group>"; };
		00389AFE1C9986A4007BADDC /* Default-568h@2x.png */ = {isa = PBXFileReference; lastKnownFileType = image.png; path = "Default-568h@2x.png"; sourceTree = "<group>"; };
		003CC9151CCA79C50020F83B /* BLEHistoDashboard.swift */ = {isa = PBXFileReference; fileEncoding = 4; lastKnownFileType = sourcecode.swift; name = BLEHistoDashboard.swift; path = 9BMetrics/BLEHistoDashboard.swift; sourceTree = "<group>"; };
		004A297B1CCA2D0A00D6A9A1 /* TMKVerticalView.swift */ = {isa = PBXFileReference; fileEncoding = 4; lastKnownFileType = sourcecode.swift; name = TMKVerticalView.swift; path = 9BMetrics/TMKVerticalView.swift; sourceTree = "<group>"; };
		004A297D1CCA36F300D6A9A1 /* TMKLevelView.swift */ = {isa = PBXFileReference; fileEncoding = 4; lastKnownFileType = sourcecode.swift; name = TMKLevelView.swift; path = 9BMetrics/TMKLevelView.swift; sourceTree = "<group>"; };
		004F45CA1CAD9DE10071B7C4 /* MapKit.framework */ = {isa = PBXFileReference; lastKnownFileType = wrapper.framework; name = MapKit.framework; path = System/Library/Frameworks/MapKit.framework; sourceTree = SDKROOT; };
		00649CF41DD346FC00790DE3 /* BLEInMotionAdapter.swift */ = {isa = PBXFileReference; fileEncoding = 4; lastKnownFileType = sourcecode.swift; name = BLEInMotionAdapter.swift; path = 9BMetrics/BLEInMotionAdapter.swift; sourceTree = "<group>"; };
		0066C8AC1D86CE0F005DE94F /* BLEMimServer.swift */ = {isa = PBXFileReference; fileEncoding = 4; lastKnownFileType = sourcecode.swift; path = BLEMimServer.swift; sourceTree = "<group>"; };
		0066C8AE1D86CE93005DE94F /* BLEMimConnection.swift */ = {isa = PBXFileReference; fileEncoding = 4; lastKnownFileType = sourcecode.swift; name = BLEMimConnection.swift; path = 9BMetrics/BLEMimConnection.swift; sourceTree = "<group>"; };
		0066C8B01D885EB3005DE94F /* BLEMimConnectionDelegate.swift */ = {isa = PBXFileReference; fileEncoding = 4; lastKnownFileType = sourcecode.swift; path = BLEMimConnectionDelegate.swift; sourceTree = "<group>"; };
		0079E9881D8E8071004A09BB /* BLEWheelSelector.swift */ = {isa = PBXFileReference; fileEncoding = 4; lastKnownFileType = sourcecode.swift; name = BLEWheelSelector.swift; path = 9BMetrics/BLEWheelSelector.swift; sourceTree = "<group>"; };
		0079E98A1D927A0E004A09BB /* KingSongAdapter.swift */ = {isa = PBXFileReference; fileEncoding = 4; lastKnownFileType = sourcecode.swift; name = KingSongAdapter.swift; path = 9BMetrics/KingSongAdapter.swift; sourceTree = "<group>"; };
		007A31FC1CB7F04100BB928D /* BLEMapViewController.swift */ = {isa = PBXFileReference; fileEncoding = 4; lastKnownFileType = sourcecode.swift; name = BLEMapViewController.swift; path = 9BMetrics/BLEMapViewController.swift; sourceTree = "<group>"; };
		007A31FE1CB820DA00BB928D /* Main.storyboard */ = {isa = PBXFileReference; fileEncoding = 4; lastKnownFileType = file.storyboard; path = Main.storyboard; sourceTree = "<group>"; };
		007A57141C85CE49003A2030 /* 9BMetrics.app */ = {isa = PBXFileReference; explicitFileType = wrapper.application; includeInIndex = 0; path = 9BMetrics.app; sourceTree = BUILT_PRODUCTS_DIR; };
		007A57171C85CE49003A2030 /* AppDelegate.swift */ = {isa = PBXFileReference; lastKnownFileType = sourcecode.swift; path = AppDelegate.swift; sourceTree = "<group>"; };
		007A57191C85CE49003A2030 /* ViewController.swift */ = {isa = PBXFileReference; lastKnownFileType = sourcecode.swift; path = ViewController.swift; sourceTree = "<group>"; };
		007A57231C85CE49003A2030 /* Info.plist */ = {isa = PBXFileReference; lastKnownFileType = text.plist.xml; path = Info.plist; sourceTree = "<group>"; };
		007A57261C85CE49003A2030 /* 9BMetrics WatchKit App.app */ = {isa = PBXFileReference; explicitFileType = wrapper.application; includeInIndex = 0; path = "9BMetrics WatchKit App.app"; sourceTree = BUILT_PRODUCTS_DIR; };
		007A57301C85CE49003A2030 /* Info.plist */ = {isa = PBXFileReference; lastKnownFileType = text.plist.xml; path = Info.plist; sourceTree = "<group>"; };
		007A57351C85CE49003A2030 /* 9BMetrics WatchKit Extension.appex */ = {isa = PBXFileReference; explicitFileType = "wrapper.app-extension"; includeInIndex = 0; path = "9BMetrics WatchKit Extension.appex"; sourceTree = BUILT_PRODUCTS_DIR; };
		007A573A1C85CE49003A2030 /* InterfaceController.swift */ = {isa = PBXFileReference; lastKnownFileType = sourcecode.swift; path = InterfaceController.swift; sourceTree = "<group>"; };
		007A573C1C85CE49003A2030 /* ExtensionDelegate.swift */ = {isa = PBXFileReference; lastKnownFileType = sourcecode.swift; path = ExtensionDelegate.swift; sourceTree = "<group>"; };
		007A573E1C85CE49003A2030 /* Assets.xcassets */ = {isa = PBXFileReference; lastKnownFileType = folder.assetcatalog; path = Assets.xcassets; sourceTree = "<group>"; };
		007A57401C85CE49003A2030 /* Info.plist */ = {isa = PBXFileReference; lastKnownFileType = text.plist.xml; path = Info.plist; sourceTree = "<group>"; };
		007A574F1C85CE69003A2030 /* icon_ipad@2x.png */ = {isa = PBXFileReference; lastKnownFileType = image.png; path = "icon_ipad@2x.png"; sourceTree = "<group>"; };
		007A57501C85CE69003A2030 /* icon_ipad.png */ = {isa = PBXFileReference; lastKnownFileType = image.png; path = icon_ipad.png; sourceTree = "<group>"; };
		007A57511C85CE69003A2030 /* Ninebot-One-4.jpg */ = {isa = PBXFileReference; lastKnownFileType = image.jpeg; path = "Ninebot-One-4.jpg"; sourceTree = "<group>"; };
		007A57521C85CE69003A2030 /* about.html */ = {isa = PBXFileReference; fileEncoding = 4; lastKnownFileType = text.html; path = about.html; sourceTree = "<group>"; };
		007A57531C85CE69003A2030 /* nb_512.png */ = {isa = PBXFileReference; lastKnownFileType = image.png; path = nb_512.png; sourceTree = "<group>"; };
		007A57541C85CE69003A2030 /* License_GPL30.html */ = {isa = PBXFileReference; fileEncoding = 4; lastKnownFileType = text.html; path = License_GPL30.html; sourceTree = "<group>"; };
		007A575B1C85CE7B003A2030 /* 9BMetrics.entitlements */ = {isa = PBXFileReference; lastKnownFileType = text.xml; path = 9BMetrics.entitlements; sourceTree = "<group>"; };
		007A575E1C85CEFC003A2030 /* LaunchScreen.storyboard */ = {isa = PBXFileReference; fileEncoding = 4; lastKnownFileType = file.storyboard; path = LaunchScreen.storyboard; sourceTree = "<group>"; };
		007A57601C85CF0A003A2030 /* Assets.xcassets */ = {isa = PBXFileReference; lastKnownFileType = folder.assetcatalog; path = Assets.xcassets; sourceTree = "<group>"; };
		007A57621C85CF39003A2030 /* TMKGraphViewDataSource.swift */ = {isa = PBXFileReference; fileEncoding = 4; lastKnownFileType = sourcecode.swift; name = TMKGraphViewDataSource.swift; path = 9BMetrics/TMKGraphViewDataSource.swift; sourceTree = "<group>"; };
		007A57631C85CF39003A2030 /* TMKGraphContentView.swift */ = {isa = PBXFileReference; fileEncoding = 4; lastKnownFileType = sourcecode.swift; name = TMKGraphContentView.swift; path = 9BMetrics/TMKGraphContentView.swift; sourceTree = "<group>"; };
		007A57641C85CF39003A2030 /* TMKGraphView.swift */ = {isa = PBXFileReference; fileEncoding = 4; lastKnownFileType = sourcecode.swift; name = TMKGraphView.swift; path = 9BMetrics/TMKGraphView.swift; sourceTree = "<group>"; };
		007A57651C85CF39003A2030 /* GraphViewController.swift */ = {isa = PBXFileReference; fileEncoding = 4; lastKnownFileType = sourcecode.swift; name = GraphViewController.swift; path = 9BMetrics/GraphViewController.swift; sourceTree = "<group>"; };
		007A57661C85CF39003A2030 /* PickerActivity.swift */ = {isa = PBXFileReference; fileEncoding = 4; lastKnownFileType = sourcecode.swift; name = PickerActivity.swift; path = 9BMetrics/PickerActivity.swift; sourceTree = "<group>"; };
		007A57671C85CF39003A2030 /* BLENinebot.swift */ = {isa = PBXFileReference; fileEncoding = 4; lastKnownFileType = sourcecode.swift; name = BLENinebot.swift; path = 9BMetrics/BLENinebot.swift; sourceTree = "<group>"; };
		007A57681C85CF39003A2030 /* BLENinebotMessage.swift */ = {isa = PBXFileReference; fileEncoding = 4; lastKnownFileType = sourcecode.swift; name = BLENinebotMessage.swift; path = 9BMetrics/BLENinebotMessage.swift; sourceTree = "<group>"; };
		007A576A1C85CF39003A2030 /* BLENinebotServerDelegate.swift */ = {isa = PBXFileReference; fileEncoding = 4; lastKnownFileType = sourcecode.swift; name = BLENinebotServerDelegate.swift; path = 9BMetrics/BLENinebotServerDelegate.swift; sourceTree = "<group>"; };
		007A576C1C85CF39003A2030 /* BLESimulatedClient.swift */ = {isa = PBXFileReference; fileEncoding = 4; lastKnownFileType = sourcecode.swift; path = BLESimulatedClient.swift; sourceTree = "<group>"; };
		007A576D1C85CF39003A2030 /* BLESimulatedServer.swift */ = {isa = PBXFileReference; fileEncoding = 4; lastKnownFileType = sourcecode.swift; name = BLESimulatedServer.swift; path = 9BMetrics/BLESimulatedServer.swift; sourceTree = "<group>"; };
		007A576F1C85CF39003A2030 /* BLEDeviceSelector.swift */ = {isa = PBXFileReference; fileEncoding = 4; lastKnownFileType = sourcecode.swift; name = BLEDeviceSelector.swift; path = 9BMetrics/BLEDeviceSelector.swift; sourceTree = "<group>"; };
		007A57701C85CF39003A2030 /* BLEMim.swift */ = {isa = PBXFileReference; fileEncoding = 4; lastKnownFileType = sourcecode.swift; name = BLEMim.swift; path = 9BMetrics/BLEMim.swift; sourceTree = "<group>"; };
		007A57711C85CF39003A2030 /* SettingsViewController.swift */ = {isa = PBXFileReference; fileEncoding = 4; lastKnownFileType = sourcecode.swift; path = SettingsViewController.swift; sourceTree = "<group>"; };
		007A57721C85CF39003A2030 /* BLENinebotSettingsViewController.swift */ = {isa = PBXFileReference; fileEncoding = 4; lastKnownFileType = sourcecode.swift; path = BLENinebotSettingsViewController.swift; sourceTree = "<group>"; };
		007A57731C85CF39003A2030 /* DocController.swift */ = {isa = PBXFileReference; fileEncoding = 4; lastKnownFileType = sourcecode.swift; name = DocController.swift; path = 9BMetrics/DocController.swift; sourceTree = "<group>"; };
		007A57861C85CF80003A2030 /* Interface.storyboard */ = {isa = PBXFileReference; fileEncoding = 4; lastKnownFileType = file.storyboard; path = Interface.storyboard; sourceTree = "<group>"; };
		007A57881C85CF8D003A2030 /* Assets.xcassets */ = {isa = PBXFileReference; lastKnownFileType = folder.assetcatalog; path = Assets.xcassets; sourceTree = "<group>"; };
		007CE2F71CCBD5260005828F /* KTCenterFlowLayout.swift */ = {isa = PBXFileReference; fileEncoding = 4; lastKnownFileType = sourcecode.swift; name = KTCenterFlowLayout.swift; path = 9BMetrics/KTCenterFlowLayout.swift; sourceTree = "<group>"; };
		007D4A161E239A0D008624E6 /* WheelInfoCell.swift */ = {isa = PBXFileReference; fileEncoding = 4; lastKnownFileType = sourcecode.swift; path = WheelInfoCell.swift; sourceTree = "<group>"; };
		008BB5A21DA6A6340073B5A0 /* String+Localized.swift */ = {isa = PBXFileReference; fileEncoding = 4; lastKnownFileType = sourcecode.swift; name = "String+Localized.swift"; path = "9BMetrics/String+Localized.swift"; sourceTree = "<group>"; };
		008E3D881CDA7B2C0010A5D4 /* BLEWheelAdapterProtocol.swift */ = {isa = PBXFileReference; fileEncoding = 4; lastKnownFileType = sourcecode.swift; name = BLEWheelAdapterProtocol.swift; path = 9BMetrics/BLEWheelAdapterProtocol.swift; sourceTree = "<group>"; };
		008E3D8A1CDA7D670010A5D4 /* BLENinebotOneAdapter.swift */ = {isa = PBXFileReference; fileEncoding = 4; lastKnownFileType = sourcecode.swift; name = BLENinebotOneAdapter.swift; path = 9BMetrics/BLENinebotOneAdapter.swift; sourceTree = "<group>"; };
		00A4A1911D943E020058C846 /* NinebotS12Adapter.swift */ = {isa = PBXFileReference; fileEncoding = 4; lastKnownFileType = sourcecode.swift; name = NinebotS12Adapter.swift; path = 9BMetrics/NinebotS12Adapter.swift; sourceTree = "<group>"; };
		00AB592B1CAEE5EC00277859 /* Zip.h */ = {isa = PBXFileReference; fileEncoding = 4; lastKnownFileType = sourcecode.c.h; path = Zip.h; sourceTree = "<group>"; };
		00AB592C1CAEE5EC00277859 /* Zip.swift */ = {isa = PBXFileReference; fileEncoding = 4; lastKnownFileType = sourcecode.swift; path = Zip.swift; sourceTree = "<group>"; };
		00AB592D1CAEE5EC00277859 /* ZipUtilities.swift */ = {isa = PBXFileReference; fileEncoding = 4; lastKnownFileType = sourcecode.swift; path = ZipUtilities.swift; sourceTree = "<group>"; };
		00AB592E1CAEE5EC00277859 /* QuickZip.swift */ = {isa = PBXFileReference; fileEncoding = 4; lastKnownFileType = sourcecode.swift; path = QuickZip.swift; sourceTree = "<group>"; };
		00AB59331CAEE61600277859 /* 9BMetrics-Bridging-Header.h */ = {isa = PBXFileReference; lastKnownFileType = sourcecode.c.h; path = "9BMetrics-Bridging-Header.h"; sourceTree = SOURCE_ROOT; };
		00AB59341CAEE61700277859 /* unzip.c */ = {isa = PBXFileReference; fileEncoding = 4; lastKnownFileType = sourcecode.c.c; path = unzip.c; sourceTree = "<group>"; };
		00AB59351CAEE61700277859 /* unzip.h */ = {isa = PBXFileReference; fileEncoding = 4; lastKnownFileType = sourcecode.c.h; path = unzip.h; sourceTree = "<group>"; };
		00AB59361CAEE61700277859 /* minizip.c */ = {isa = PBXFileReference; fileEncoding = 4; lastKnownFileType = sourcecode.c.c; path = minizip.c; sourceTree = "<group>"; };
		00AB59371CAEE61700277859 /* minizip.h */ = {isa = PBXFileReference; fileEncoding = 4; lastKnownFileType = sourcecode.c.h; path = minizip.h; sourceTree = "<group>"; };
		00AB59381CAEE61700277859 /* crypt.h */ = {isa = PBXFileReference; fileEncoding = 4; lastKnownFileType = sourcecode.c.h; path = crypt.h; sourceTree = "<group>"; };
		00AB59391CAEE61700277859 /* ioapi.c */ = {isa = PBXFileReference; fileEncoding = 4; lastKnownFileType = sourcecode.c.c; path = ioapi.c; sourceTree = "<group>"; };
		00AB593A1CAEE61700277859 /* ioapi.h */ = {isa = PBXFileReference; fileEncoding = 4; lastKnownFileType = sourcecode.c.h; path = ioapi.h; sourceTree = "<group>"; };
		00AB593F1CAEE64000277859 /* aes.h */ = {isa = PBXFileReference; fileEncoding = 4; lastKnownFileType = sourcecode.c.h; path = aes.h; sourceTree = "<group>"; };
		00AB59401CAEE64000277859 /* aes_via_ace.h */ = {isa = PBXFileReference; fileEncoding = 4; lastKnownFileType = sourcecode.c.h; path = aes_via_ace.h; sourceTree = "<group>"; };
		00AB59411CAEE64000277859 /* aescrypt.c */ = {isa = PBXFileReference; fileEncoding = 4; lastKnownFileType = sourcecode.c.c; path = aescrypt.c; sourceTree = "<group>"; };
		00AB59421CAEE64000277859 /* aeskey.c */ = {isa = PBXFileReference; fileEncoding = 4; lastKnownFileType = sourcecode.c.c; path = aeskey.c; sourceTree = "<group>"; };
		00AB59431CAEE64000277859 /* aesopt.h */ = {isa = PBXFileReference; fileEncoding = 4; lastKnownFileType = sourcecode.c.h; path = aesopt.h; sourceTree = "<group>"; };
		00AB59441CAEE64000277859 /* aestab.c */ = {isa = PBXFileReference; fileEncoding = 4; lastKnownFileType = sourcecode.c.c; path = aestab.c; sourceTree = "<group>"; };
		00AB59451CAEE64000277859 /* aestab.h */ = {isa = PBXFileReference; fileEncoding = 4; lastKnownFileType = sourcecode.c.h; path = aestab.h; sourceTree = "<group>"; };
		00AB59461CAEE64000277859 /* brg_endian.h */ = {isa = PBXFileReference; fileEncoding = 4; lastKnownFileType = sourcecode.c.h; path = brg_endian.h; sourceTree = "<group>"; };
		00AB59471CAEE64000277859 /* brg_types.h */ = {isa = PBXFileReference; fileEncoding = 4; lastKnownFileType = sourcecode.c.h; path = brg_types.h; sourceTree = "<group>"; };
		00AB59481CAEE64000277859 /* entropy.c */ = {isa = PBXFileReference; fileEncoding = 4; lastKnownFileType = sourcecode.c.c; path = entropy.c; sourceTree = "<group>"; };
		00AB59491CAEE64000277859 /* entropy.h */ = {isa = PBXFileReference; fileEncoding = 4; lastKnownFileType = sourcecode.c.h; path = entropy.h; sourceTree = "<group>"; };
		00AB594A1CAEE64000277859 /* fileenc.c */ = {isa = PBXFileReference; fileEncoding = 4; lastKnownFileType = sourcecode.c.c; path = fileenc.c; sourceTree = "<group>"; };
		00AB594B1CAEE64000277859 /* fileenc.h */ = {isa = PBXFileReference; fileEncoding = 4; lastKnownFileType = sourcecode.c.h; path = fileenc.h; sourceTree = "<group>"; };
		00AB594C1CAEE64000277859 /* hmac.c */ = {isa = PBXFileReference; fileEncoding = 4; lastKnownFileType = sourcecode.c.c; path = hmac.c; sourceTree = "<group>"; };
		00AB594D1CAEE64000277859 /* hmac.h */ = {isa = PBXFileReference; fileEncoding = 4; lastKnownFileType = sourcecode.c.h; path = hmac.h; sourceTree = "<group>"; };
		00AB594E1CAEE64000277859 /* prng.c */ = {isa = PBXFileReference; fileEncoding = 4; lastKnownFileType = sourcecode.c.c; path = prng.c; sourceTree = "<group>"; };
		00AB594F1CAEE64000277859 /* prng.h */ = {isa = PBXFileReference; fileEncoding = 4; lastKnownFileType = sourcecode.c.h; path = prng.h; sourceTree = "<group>"; };
		00AB59501CAEE64000277859 /* pwd2key.c */ = {isa = PBXFileReference; fileEncoding = 4; lastKnownFileType = sourcecode.c.c; path = pwd2key.c; sourceTree = "<group>"; };
		00AB59511CAEE64000277859 /* pwd2key.h */ = {isa = PBXFileReference; fileEncoding = 4; lastKnownFileType = sourcecode.c.h; path = pwd2key.h; sourceTree = "<group>"; };
		00AB59521CAEE64000277859 /* sha1.c */ = {isa = PBXFileReference; fileEncoding = 4; lastKnownFileType = sourcecode.c.c; path = sha1.c; sourceTree = "<group>"; };
		00AB59531CAEE64000277859 /* sha1.h */ = {isa = PBXFileReference; fileEncoding = 4; lastKnownFileType = sourcecode.c.h; path = sha1.h; sourceTree = "<group>"; };
		00AB595D1CAEE65E00277859 /* libz.tbd */ = {isa = PBXFileReference; lastKnownFileType = "sourcecode.text-based-dylib-definition"; name = libz.tbd; path = usr/lib/libz.tbd; sourceTree = SDKROOT; };
		00B266351CC3FF4F00FCDAC5 /* TMKImage.swift */ = {isa = PBXFileReference; fileEncoding = 4; lastKnownFileType = sourcecode.swift; name = TMKImage.swift; path = 9BMetrics/TMKImage.swift; sourceTree = "<group>"; };
		00B9E0FB1E3F5492004391EE /* WheelSelectorDelegate.swift */ = {isa = PBXFileReference; fileEncoding = 4; lastKnownFileType = sourcecode.swift; path = WheelSelectorDelegate.swift; sourceTree = "<group>"; };
		00B9E0FD1E40956F004391EE /* UnitManager.swift */ = {isa = PBXFileReference; fileEncoding = 4; lastKnownFileType = sourcecode.swift; name = UnitManager.swift; path = 9BMetrics/UnitManager.swift; sourceTree = "<group>"; };
		00C2667C1DA27D86004D3B02 /* GotawayAdapter.swift */ = {isa = PBXFileReference; fileEncoding = 4; lastKnownFileType = sourcecode.swift; name = GotawayAdapter.swift; path = 9BMetrics/GotawayAdapter.swift; sourceTree = "<group>"; };
		00C4EE5F1CE076F3000C1C34 /* BLEGraphicRunningDashboard.swift */ = {isa = PBXFileReference; fileEncoding = 4; lastKnownFileType = sourcecode.swift; name = BLEGraphicRunningDashboard.swift; path = 9BMetrics/BLEGraphicRunningDashboard.swift; sourceTree = "<group>"; };
		00CF64331CE4C5BD00C5E029 /* TMKClockViewFast.swift */ = {isa = PBXFileReference; fileEncoding = 4; lastKnownFileType = sourcecode.swift; name = TMKClockViewFast.swift; path = 9BMetrics/TMKClockViewFast.swift; sourceTree = "<group>"; };
		00DCEB801CD1D5B200EB66FB /* WheelTrack.swift */ = {isa = PBXFileReference; fileEncoding = 4; lastKnownFileType = sourcecode.swift; name = WheelTrack.swift; path = 9BMetrics/WheelTrack.swift; sourceTree = "<group>"; };
		00DCEB821CD1E5F200EB66FB /* Notifications.swift */ = {isa = PBXFileReference; fileEncoding = 4; lastKnownFileType = sourcecode.swift; name = Notifications.swift; path = 9BMetrics/Notifications.swift; sourceTree = "<group>"; };
		00F1A95D1CC9132E00D8EB27 /* TMKClockView.swift */ = {isa = PBXFileReference; fileEncoding = 4; lastKnownFileType = sourcecode.swift; name = TMKClockView.swift; path = 9BMetrics/TMKClockView.swift; sourceTree = "<group>"; };
		00F822311E19814D0080C644 /* Wheel.swift */ = {isa = PBXFileReference; fileEncoding = 4; lastKnownFileType = sourcecode.swift; name = Wheel.swift; path = 9BMetrics/Wheel.swift; sourceTree = "<group>"; };
		00F822331E19856A0080C644 /* WheelDatabase.swift */ = {isa = PBXFileReference; fileEncoding = 4; lastKnownFileType = sourcecode.swift; path = WheelDatabase.swift; sourceTree = "<group>"; };
		00F822361E1AB9700080C644 /* WheelSelectorTableViewController.swift */ = {isa = PBXFileReference; fileEncoding = 4; lastKnownFileType = sourcecode.swift; path = WheelSelectorTableViewController.swift; sourceTree = "<group>"; };
		00FFEEFF1D1F13B500E839AB /* BLEDeviceSelectorDelegate.swift */ = {isa = PBXFileReference; fileEncoding = 4; lastKnownFileType = sourcecode.swift; path = BLEDeviceSelectorDelegate.swift; sourceTree = "<group>"; };
/* End PBXFileReference section */

/* Begin PBXFrameworksBuildPhase section */
		007A57111C85CE49003A2030 /* Frameworks */ = {
			isa = PBXFrameworksBuildPhase;
			buildActionMask = 2147483647;
			files = (
				00AB595E1CAEE65E00277859 /* libz.tbd in Frameworks */,
				004F45CB1CAD9DE10071B7C4 /* MapKit.framework in Frameworks */,
			);
			runOnlyForDeploymentPostprocessing = 0;
		};
		007A57321C85CE49003A2030 /* Frameworks */ = {
			isa = PBXFrameworksBuildPhase;
			buildActionMask = 2147483647;
			files = (
			);
			runOnlyForDeploymentPostprocessing = 0;
		};
/* End PBXFrameworksBuildPhase section */

/* Begin PBXGroup section */
		007A570B1C85CE49003A2030 = {
			isa = PBXGroup;
			children = (
				00CF643A1CE4C88800C5E029 /* Auxiliar */,
				00CF64391CE4C85F00C5E029 /* Model */,
				00CF64381CE4C81E00C5E029 /* Communications */,
				00CF64371CE4C7CA00C5E029 /* Simulation */,
				00CF64361CE4C77C00C5E029 /* Dashboards */,
				00CF64351CE4C74E00C5E029 /* Graphics */,
				00AB592A1CAEE5CA00277859 /* Zip */,
				007A574E1C85CE5D003A2030 /* Resources */,
				00F822351E1AB92E0080C644 /* Settings */,
				007A57161C85CE49003A2030 /* 9BMetrics */,
				007A572A1C85CE49003A2030 /* 9BMetrics WatchKit App */,
				007A57391C85CE49003A2030 /* 9BMetrics WatchKit Extension */,
				007A57151C85CE49003A2030 /* Products */,
			);
			sourceTree = "<group>";
		};
		007A57151C85CE49003A2030 /* Products */ = {
			isa = PBXGroup;
			children = (
				007A57141C85CE49003A2030 /* 9BMetrics.app */,
				007A57261C85CE49003A2030 /* 9BMetrics WatchKit App.app */,
				007A57351C85CE49003A2030 /* 9BMetrics WatchKit Extension.appex */,
			);
			name = Products;
			sourceTree = "<group>";
		};
		007A57161C85CE49003A2030 /* 9BMetrics */ = {
			isa = PBXGroup;
			children = (
				0016670F1C9967290048344F /* Settings.bundle */,
				007A575B1C85CE7B003A2030 /* 9BMetrics.entitlements */,
				00AB59331CAEE61600277859 /* 9BMetrics-Bridging-Header.h */,
				007A576C1C85CF39003A2030 /* BLESimulatedClient.swift */,
				007A57191C85CE49003A2030 /* ViewController.swift */,
				007A57171C85CE49003A2030 /* AppDelegate.swift */,
				007A31FE1CB820DA00BB928D /* Main.storyboard */,
				007A575E1C85CEFC003A2030 /* LaunchScreen.storyboard */,
				007A57601C85CF0A003A2030 /* Assets.xcassets */,
				007A57231C85CE49003A2030 /* Info.plist */,
			);
			path = 9BMetrics;
			sourceTree = "<group>";
		};
		007A572A1C85CE49003A2030 /* 9BMetrics WatchKit App */ = {
			isa = PBXGroup;
			children = (
				007A57861C85CF80003A2030 /* Interface.storyboard */,
				007A57881C85CF8D003A2030 /* Assets.xcassets */,
				007A57301C85CE49003A2030 /* Info.plist */,
			);
			path = "9BMetrics WatchKit App";
			sourceTree = "<group>";
		};
		007A57391C85CE49003A2030 /* 9BMetrics WatchKit Extension */ = {
			isa = PBXGroup;
			children = (
				007A573A1C85CE49003A2030 /* InterfaceController.swift */,
				007A573C1C85CE49003A2030 /* ExtensionDelegate.swift */,
				007A573E1C85CE49003A2030 /* Assets.xcassets */,
				007A57401C85CE49003A2030 /* Info.plist */,
			);
			path = "9BMetrics WatchKit Extension";
			sourceTree = "<group>";
		};
		007A574E1C85CE5D003A2030 /* Resources */ = {
			isa = PBXGroup;
			children = (
				004F45CA1CAD9DE10071B7C4 /* MapKit.framework */,
				0016670D1C995A290048344F /* simulated_log.txt */,
				00389AFE1C9986A4007BADDC /* Default-568h@2x.png */,
				007A574F1C85CE69003A2030 /* icon_ipad@2x.png */,
				007A57501C85CE69003A2030 /* icon_ipad.png */,
				007A57511C85CE69003A2030 /* Ninebot-One-4.jpg */,
				007A57521C85CE69003A2030 /* about.html */,
				007A57531C85CE69003A2030 /* nb_512.png */,
				007A57541C85CE69003A2030 /* License_GPL30.html */,
				0029253E1CBA3B3400AEA843 /* Notes.rtf */,
			);
			name = Resources;
			sourceTree = "<group>";
		};
		00AB592A1CAEE5CA00277859 /* Zip */ = {
			isa = PBXGroup;
			children = (
				00AB59321CAEE60100277859 /* minizip */,
				00AB592B1CAEE5EC00277859 /* Zip.h */,
				00AB592C1CAEE5EC00277859 /* Zip.swift */,
				00AB592D1CAEE5EC00277859 /* ZipUtilities.swift */,
				00AB592E1CAEE5EC00277859 /* QuickZip.swift */,
				00AB595D1CAEE65E00277859 /* libz.tbd */,
			);
			name = Zip;
			sourceTree = "<group>";
		};
		00AB59321CAEE60100277859 /* minizip */ = {
			isa = PBXGroup;
			children = (
				00AB593E1CAEE62800277859 /* aes */,
				00AB59341CAEE61700277859 /* unzip.c */,
				00AB59351CAEE61700277859 /* unzip.h */,
				00AB59361CAEE61700277859 /* minizip.c */,
				00AB59371CAEE61700277859 /* minizip.h */,
				00AB59381CAEE61700277859 /* crypt.h */,
				00AB59391CAEE61700277859 /* ioapi.c */,
				00AB593A1CAEE61700277859 /* ioapi.h */,
			);
			name = minizip;
			sourceTree = "<group>";
		};
		00AB593E1CAEE62800277859 /* aes */ = {
			isa = PBXGroup;
			children = (
				00AB593F1CAEE64000277859 /* aes.h */,
				00AB59401CAEE64000277859 /* aes_via_ace.h */,
				00AB59411CAEE64000277859 /* aescrypt.c */,
				00AB59421CAEE64000277859 /* aeskey.c */,
				00AB59431CAEE64000277859 /* aesopt.h */,
				00AB59441CAEE64000277859 /* aestab.c */,
				00AB59451CAEE64000277859 /* aestab.h */,
				00AB59461CAEE64000277859 /* brg_endian.h */,
				00AB59471CAEE64000277859 /* brg_types.h */,
				00AB59481CAEE64000277859 /* entropy.c */,
				00AB59491CAEE64000277859 /* entropy.h */,
				00AB594A1CAEE64000277859 /* fileenc.c */,
				00AB594B1CAEE64000277859 /* fileenc.h */,
				00AB594C1CAEE64000277859 /* hmac.c */,
				00AB594D1CAEE64000277859 /* hmac.h */,
				00AB594E1CAEE64000277859 /* prng.c */,
				00AB594F1CAEE64000277859 /* prng.h */,
				00AB59501CAEE64000277859 /* pwd2key.c */,
				00AB59511CAEE64000277859 /* pwd2key.h */,
				00AB59521CAEE64000277859 /* sha1.c */,
				00AB59531CAEE64000277859 /* sha1.h */,
			);
			name = aes;
			sourceTree = "<group>";
		};
		00CF64351CE4C74E00C5E029 /* Graphics */ = {
			isa = PBXGroup;
			children = (
				007A57621C85CF39003A2030 /* TMKGraphViewDataSource.swift */,
				007A57631C85CF39003A2030 /* TMKGraphContentView.swift */,
				007A57641C85CF39003A2030 /* TMKGraphView.swift */,
				007A57651C85CF39003A2030 /* GraphViewController.swift */,
			);
			name = Graphics;
			sourceTree = "<group>";
		};
		00CF64361CE4C77C00C5E029 /* Dashboards */ = {
			isa = PBXGroup;
			children = (
				00F1A95D1CC9132E00D8EB27 /* TMKClockView.swift */,
				00CF64331CE4C5BD00C5E029 /* TMKClockViewFast.swift */,
				004A297D1CCA36F300D6A9A1 /* TMKLevelView.swift */,
				004A297B1CCA2D0A00D6A9A1 /* TMKVerticalView.swift */,
				007CE2F71CCBD5260005828F /* KTCenterFlowLayout.swift */,
				007A31FC1CB7F04100BB928D /* BLEMapViewController.swift */,
				00C4EE5F1CE076F3000C1C34 /* BLEGraphicRunningDashboard.swift */,
				0002C47D1CAABF0E0060CFA5 /* BLERunningDashboard.swift */,
				003CC9151CCA79C50020F83B /* BLEHistoDashboard.swift */,
			);
			name = Dashboards;
			sourceTree = "<group>";
		};
		00CF64371CE4C7CA00C5E029 /* Simulation */ = {
			isa = PBXGroup;
			children = (
				0016670B1C9958B70048344F /* BLESimulatedNinebot.swift */,
				007A576D1C85CF39003A2030 /* BLESimulatedServer.swift */,
				007A576A1C85CF39003A2030 /* BLENinebotServerDelegate.swift */,
				007A57701C85CF39003A2030 /* BLEMim.swift */,
				0066C8AC1D86CE0F005DE94F /* BLEMimServer.swift */,
			);
			name = Simulation;
			sourceTree = "<group>";
		};
		00CF64381CE4C81E00C5E029 /* Communications */ = {
			isa = PBXGroup;
			children = (
				007A576F1C85CF39003A2030 /* BLEDeviceSelector.swift */,
				00FFEEFF1D1F13B500E839AB /* BLEDeviceSelectorDelegate.swift */,
				0066C8B01D885EB3005DE94F /* BLEMimConnectionDelegate.swift */,
				0066C8AE1D86CE93005DE94F /* BLEMimConnection.swift */,
				008E3D881CDA7B2C0010A5D4 /* BLEWheelAdapterProtocol.swift */,
				007A57681C85CF39003A2030 /* BLENinebotMessage.swift */,
				0036EDA51C9B0BB500B7597A /* BLERequestOperation.swift */,
				008E3D8A1CDA7D670010A5D4 /* BLENinebotOneAdapter.swift */,
				0079E9881D8E8071004A09BB /* BLEWheelSelector.swift */,
				0079E98A1D927A0E004A09BB /* KingSongAdapter.swift */,
				00A4A1911D943E020058C846 /* NinebotS12Adapter.swift */,
				00C2667C1DA27D86004D3B02 /* GotawayAdapter.swift */,
				00649CF41DD346FC00790DE3 /* BLEInMotionAdapter.swift */,
			);
			name = Communications;
			sourceTree = "<group>";
		};
		00CF64391CE4C85F00C5E029 /* Model */ = {
			isa = PBXGroup;
			children = (
				007A57671C85CF39003A2030 /* BLENinebot.swift */,
				00DCEB801CD1D5B200EB66FB /* WheelTrack.swift */,
				00F822311E19814D0080C644 /* Wheel.swift */,
				00F822331E19856A0080C644 /* WheelDatabase.swift */,
			);
			name = Model;
			sourceTree = "<group>";
		};
		00CF643A1CE4C88800C5E029 /* Auxiliar */ = {
			isa = PBXGroup;
			children = (
				00DCEB821CD1E5F200EB66FB /* Notifications.swift */,
				008BB5A21DA6A6340073B5A0 /* String+Localized.swift */,
				00B266351CC3FF4F00FCDAC5 /* TMKImage.swift */,
				007A57661C85CF39003A2030 /* PickerActivity.swift */,
				007A57731C85CF39003A2030 /* DocController.swift */,
				00B9E0FD1E40956F004391EE /* UnitManager.swift */,
			);
			name = Auxiliar;
			sourceTree = "<group>";
		};
		00F822351E1AB92E0080C644 /* Settings */ = {
			isa = PBXGroup;
			children = (
				00B9E0FB1E3F5492004391EE /* WheelSelectorDelegate.swift */,
				007A57721C85CF39003A2030 /* BLENinebotSettingsViewController.swift */,
				007A57711C85CF39003A2030 /* SettingsViewController.swift */,
				00F822361E1AB9700080C644 /* WheelSelectorTableViewController.swift */,
				007D4A161E239A0D008624E6 /* WheelInfoCell.swift */,
			);
			name = Settings;
			path = 9BMetrics;
			sourceTree = "<group>";
		};
/* End PBXGroup section */

/* Begin PBXNativeTarget section */
		007A57131C85CE49003A2030 /* 9BMetrics */ = {
			isa = PBXNativeTarget;
			buildConfigurationList = 007A574B1C85CE49003A2030 /* Build configuration list for PBXNativeTarget "9BMetrics" */;
			buildPhases = (
				007A57101C85CE49003A2030 /* Sources */,
				007A57111C85CE49003A2030 /* Frameworks */,
				007A57121C85CE49003A2030 /* Resources */,
				007A574A1C85CE49003A2030 /* Embed Watch Content */,
			);
			buildRules = (
			);
			dependencies = (
				007A57291C85CE49003A2030 /* PBXTargetDependency */,
			);
			name = 9BMetrics;
			productName = 9BMetrics;
			productReference = 007A57141C85CE49003A2030 /* 9BMetrics.app */;
			productType = "com.apple.product-type.application";
		};
		007A57251C85CE49003A2030 /* 9BMetrics WatchKit App */ = {
			isa = PBXNativeTarget;
			buildConfigurationList = 007A57471C85CE49003A2030 /* Build configuration list for PBXNativeTarget "9BMetrics WatchKit App" */;
			buildPhases = (
				007A57241C85CE49003A2030 /* Resources */,
				007A57461C85CE49003A2030 /* Embed App Extensions */,
			);
			buildRules = (
			);
			dependencies = (
				007A57381C85CE49003A2030 /* PBXTargetDependency */,
			);
			name = "9BMetrics WatchKit App";
			productName = "9BMetrics WatchKit App";
			productReference = 007A57261C85CE49003A2030 /* 9BMetrics WatchKit App.app */;
			productType = "com.apple.product-type.application.watchapp2";
		};
		007A57341C85CE49003A2030 /* 9BMetrics WatchKit Extension */ = {
			isa = PBXNativeTarget;
			buildConfigurationList = 007A57431C85CE49003A2030 /* Build configuration list for PBXNativeTarget "9BMetrics WatchKit Extension" */;
			buildPhases = (
				007A57311C85CE49003A2030 /* Sources */,
				007A57321C85CE49003A2030 /* Frameworks */,
				007A57331C85CE49003A2030 /* Resources */,
			);
			buildRules = (
			);
			dependencies = (
			);
			name = "9BMetrics WatchKit Extension";
			productName = "9BMetrics WatchKit Extension";
			productReference = 007A57351C85CE49003A2030 /* 9BMetrics WatchKit Extension.appex */;
			productType = "com.apple.product-type.watchkit2-extension";
		};
/* End PBXNativeTarget section */

/* Begin PBXProject section */
		007A570C1C85CE49003A2030 /* Project object */ = {
			isa = PBXProject;
			attributes = {
				LastSwiftUpdateCheck = 0730;
				LastUpgradeCheck = 0800;
				ORGANIZATIONNAME = "Paco Gorina";
				TargetAttributes = {
					007A57131C85CE49003A2030 = {
						CreatedOnToolsVersion = 7.2.1;
						DevelopmentTeam = N72U6DTDRE;
						LastSwiftMigration = 0800;
						ProvisioningStyle = Automatic;
						SystemCapabilities = {
							com.apple.BackgroundModes = {
								enabled = 1;
							};
							com.apple.Maps.iOS = {
								enabled = 1;
							};
							com.apple.iCloud = {
								enabled = 1;
							};
						};
					};
					007A57251C85CE49003A2030 = {
						CreatedOnToolsVersion = 7.2.1;
						DevelopmentTeam = N72U6DTDRE;
						LastSwiftMigration = 0800;
						ProvisioningStyle = Automatic;
					};
					007A57341C85CE49003A2030 = {
						CreatedOnToolsVersion = 7.2.1;
						DevelopmentTeam = N72U6DTDRE;
						LastSwiftMigration = 0800;
						ProvisioningStyle = Automatic;
					};
				};
			};
			buildConfigurationList = 007A570F1C85CE49003A2030 /* Build configuration list for PBXProject "9BMetrics" */;
			compatibilityVersion = "Xcode 3.2";
			developmentRegion = English;
			hasScannedForEncodings = 0;
			knownRegions = (
				en,
				Base,
			);
			mainGroup = 007A570B1C85CE49003A2030;
			productRefGroup = 007A57151C85CE49003A2030 /* Products */;
			projectDirPath = "";
			projectRoot = "";
			targets = (
				007A57131C85CE49003A2030 /* 9BMetrics */,
				007A57251C85CE49003A2030 /* 9BMetrics WatchKit App */,
				007A57341C85CE49003A2030 /* 9BMetrics WatchKit Extension */,
			);
		};
/* End PBXProject section */

/* Begin PBXResourcesBuildPhase section */
		007A57121C85CE49003A2030 /* Resources */ = {
			isa = PBXResourcesBuildPhase;
			buildActionMask = 2147483647;
			files = (
				0029253F1CBA3B3400AEA843 /* Notes.rtf in Resources */,
				007A575F1C85CEFC003A2030 /* LaunchScreen.storyboard in Resources */,
				007A575A1C85CE69003A2030 /* License_GPL30.html in Resources */,
				007A57561C85CE69003A2030 /* icon_ipad.png in Resources */,
				007A31FF1CB820DA00BB928D /* Main.storyboard in Resources */,
				007A57591C85CE69003A2030 /* nb_512.png in Resources */,
				007A57581C85CE69003A2030 /* about.html in Resources */,
				00389AFF1C9986A4007BADDC /* Default-568h@2x.png in Resources */,
				007A57551C85CE69003A2030 /* icon_ipad@2x.png in Resources */,
				007A57611C85CF0A003A2030 /* Assets.xcassets in Resources */,
				0016670E1C995A290048344F /* simulated_log.txt in Resources */,
				001667101C9967290048344F /* Settings.bundle in Resources */,
				007A57571C85CE69003A2030 /* Ninebot-One-4.jpg in Resources */,
			);
			runOnlyForDeploymentPostprocessing = 0;
		};
		007A57241C85CE49003A2030 /* Resources */ = {
			isa = PBXResourcesBuildPhase;
			buildActionMask = 2147483647;
			files = (
				007A57891C85CF8D003A2030 /* Assets.xcassets in Resources */,
				007A57871C85CF80003A2030 /* Interface.storyboard in Resources */,
			);
			runOnlyForDeploymentPostprocessing = 0;
		};
		007A57331C85CE49003A2030 /* Resources */ = {
			isa = PBXResourcesBuildPhase;
			buildActionMask = 2147483647;
			files = (
				007A573F1C85CE49003A2030 /* Assets.xcassets in Resources */,
			);
			runOnlyForDeploymentPostprocessing = 0;
		};
/* End PBXResourcesBuildPhase section */

/* Begin PBXSourcesBuildPhase section */
		007A57101C85CE49003A2030 /* Sources */ = {
			isa = PBXSourcesBuildPhase;
			buildActionMask = 2147483647;
			files = (
				00DCEB811CD1D5B200EB66FB /* WheelTrack.swift in Sources */,
				00AB59581CAEE64000277859 /* fileenc.c in Sources */,
				007A577A1C85CF39003A2030 /* BLENinebotMessage.swift in Sources */,
				007A57751C85CF39003A2030 /* TMKGraphContentView.swift in Sources */,
				00F1A95E1CC9132E00D8EB27 /* TMKClockView.swift in Sources */,
				004A297E1CCA36F300D6A9A1 /* TMKLevelView.swift in Sources */,
				007A57761C85CF39003A2030 /* TMKGraphView.swift in Sources */,
				007A577C1C85CF39003A2030 /* BLENinebotServerDelegate.swift in Sources */,
				007A57781C85CF39003A2030 /* PickerActivity.swift in Sources */,
				00FFEF001D1F13B500E839AB /* BLEDeviceSelectorDelegate.swift in Sources */,
				00AB59311CAEE5EC00277859 /* QuickZip.swift in Sources */,
				00C2667D1DA27D86004D3B02 /* GotawayAdapter.swift in Sources */,
				00AB59551CAEE64000277859 /* aeskey.c in Sources */,
				007A57811C85CF39003A2030 /* BLEDeviceSelector.swift in Sources */,
				00AB59561CAEE64000277859 /* aestab.c in Sources */,
				00CF64341CE4C5BD00C5E029 /* TMKClockViewFast.swift in Sources */,
				00A4A1921D943E020058C846 /* NinebotS12Adapter.swift in Sources */,
				00AB595B1CAEE64000277859 /* pwd2key.c in Sources */,
				00AB595C1CAEE64000277859 /* sha1.c in Sources */,
				0066C8B11D885EB4005DE94F /* BLEMimConnectionDelegate.swift in Sources */,
				00F822341E19856A0080C644 /* WheelDatabase.swift in Sources */,
				007A577F1C85CF39003A2030 /* BLESimulatedServer.swift in Sources */,
				007A57851C85CF39003A2030 /* DocController.swift in Sources */,
				00AB593C1CAEE61700277859 /* minizip.c in Sources */,
				008BB5A31DA6A6340073B5A0 /* String+Localized.swift in Sources */,
				008E3D8B1CDA7D670010A5D4 /* BLENinebotOneAdapter.swift in Sources */,
				00AB593D1CAEE61700277859 /* ioapi.c in Sources */,
				00AB59591CAEE64000277859 /* hmac.c in Sources */,
				0036EDA61C9B0BB500B7597A /* BLERequestOperation.swift in Sources */,
				007A577E1C85CF39003A2030 /* BLESimulatedClient.swift in Sources */,
				0079E98B1D927A0E004A09BB /* KingSongAdapter.swift in Sources */,
				00DCEB831CD1E5F200EB66FB /* Notifications.swift in Sources */,
				00AB595A1CAEE64000277859 /* prng.c in Sources */,
				007A57821C85CF39003A2030 /* BLEMim.swift in Sources */,
				0066C8AF1D86CE93005DE94F /* BLEMimConnection.swift in Sources */,
				007A571A1C85CE49003A2030 /* ViewController.swift in Sources */,
				0002C47E1CAABF0E0060CFA5 /* BLERunningDashboard.swift in Sources */,
				007A57771C85CF39003A2030 /* GraphViewController.swift in Sources */,
				00AB59571CAEE64000277859 /* entropy.c in Sources */,
				007CE2F81CCBD5260005828F /* KTCenterFlowLayout.swift in Sources */,
				007A57791C85CF39003A2030 /* BLENinebot.swift in Sources */,
				007A57741C85CF39003A2030 /* TMKGraphViewDataSource.swift in Sources */,
				00AB593B1CAEE61700277859 /* unzip.c in Sources */,
				00AB59301CAEE5EC00277859 /* ZipUtilities.swift in Sources */,
				003CC9161CCA79C50020F83B /* BLEHistoDashboard.swift in Sources */,
				007D4A171E239A0D008624E6 /* WheelInfoCell.swift in Sources */,
				0079E9891D8E8071004A09BB /* BLEWheelSelector.swift in Sources */,
				004A297C1CCA2D0A00D6A9A1 /* TMKVerticalView.swift in Sources */,
				00B266361CC3FF4F00FCDAC5 /* TMKImage.swift in Sources */,
				00649CF51DD346FC00790DE3 /* BLEInMotionAdapter.swift in Sources */,
				00F822321E19814D0080C644 /* Wheel.swift in Sources */,
				00F822371E1AB9700080C644 /* WheelSelectorTableViewController.swift in Sources */,
				008E3D891CDA7B2C0010A5D4 /* BLEWheelAdapterProtocol.swift in Sources */,
				00B9E0FC1E3F5492004391EE /* WheelSelectorDelegate.swift in Sources */,
				007A57181C85CE49003A2030 /* AppDelegate.swift in Sources */,
				007A31FD1CB7F04100BB928D /* BLEMapViewController.swift in Sources */,
				007A57841C85CF39003A2030 /* BLENinebotSettingsViewController.swift in Sources */,
				0016670C1C9958B70048344F /* BLESimulatedNinebot.swift in Sources */,
				00C4EE601CE076F3000C1C34 /* BLEGraphicRunningDashboard.swift in Sources */,
				00B9E0FE1E40956F004391EE /* UnitManager.swift in Sources */,
				0066C8AD1D86CE0F005DE94F /* BLEMimServer.swift in Sources */,
				007A57831C85CF39003A2030 /* SettingsViewController.swift in Sources */,
				00AB59541CAEE64000277859 /* aescrypt.c in Sources */,
				00AB592F1CAEE5EC00277859 /* Zip.swift in Sources */,
			);
			runOnlyForDeploymentPostprocessing = 0;
		};
		007A57311C85CE49003A2030 /* Sources */ = {
			isa = PBXSourcesBuildPhase;
			buildActionMask = 2147483647;
			files = (
				007A573D1C85CE49003A2030 /* ExtensionDelegate.swift in Sources */,
				007A573B1C85CE49003A2030 /* InterfaceController.swift in Sources */,
			);
			runOnlyForDeploymentPostprocessing = 0;
		};
/* End PBXSourcesBuildPhase section */

/* Begin PBXTargetDependency section */
		007A57291C85CE49003A2030 /* PBXTargetDependency */ = {
			isa = PBXTargetDependency;
			target = 007A57251C85CE49003A2030 /* 9BMetrics WatchKit App */;
			targetProxy = 007A57281C85CE49003A2030 /* PBXContainerItemProxy */;
		};
		007A57381C85CE49003A2030 /* PBXTargetDependency */ = {
			isa = PBXTargetDependency;
			target = 007A57341C85CE49003A2030 /* 9BMetrics WatchKit Extension */;
			targetProxy = 007A57371C85CE49003A2030 /* PBXContainerItemProxy */;
		};
/* End PBXTargetDependency section */

/* Begin XCBuildConfiguration section */
		007A57411C85CE49003A2030 /* Debug */ = {
			isa = XCBuildConfiguration;
			buildSettings = {
				ALWAYS_SEARCH_USER_PATHS = NO;
				CLANG_CXX_LANGUAGE_STANDARD = "gnu++0x";
				CLANG_CXX_LIBRARY = "libc++";
				CLANG_ENABLE_MODULES = YES;
				CLANG_ENABLE_OBJC_ARC = YES;
				CLANG_WARN_BOOL_CONVERSION = YES;
				CLANG_WARN_CONSTANT_CONVERSION = YES;
				CLANG_WARN_DIRECT_OBJC_ISA_USAGE = YES_ERROR;
				CLANG_WARN_EMPTY_BODY = YES;
				CLANG_WARN_ENUM_CONVERSION = YES;
				CLANG_WARN_INFINITE_RECURSION = YES;
				CLANG_WARN_INT_CONVERSION = YES;
				CLANG_WARN_OBJC_ROOT_CLASS = YES_ERROR;
				CLANG_WARN_SUSPICIOUS_MOVE = YES;
				CLANG_WARN_UNREACHABLE_CODE = YES;
				CLANG_WARN__DUPLICATE_METHOD_MATCH = YES;
				CODE_SIGN_IDENTITY = "iPhone Distribution";
				"CODE_SIGN_IDENTITY[sdk=iphoneos*]" = "iPhone Distribution";
				COPY_PHASE_STRIP = NO;
				DEBUG_INFORMATION_FORMAT = "dwarf-with-dsym";
				ENABLE_STRICT_OBJC_MSGSEND = YES;
				ENABLE_TESTABILITY = YES;
				GCC_C_LANGUAGE_STANDARD = gnu99;
				GCC_DYNAMIC_NO_PIC = NO;
				GCC_NO_COMMON_BLOCKS = YES;
				GCC_OPTIMIZATION_LEVEL = 0;
				GCC_PREPROCESSOR_DEFINITIONS = (
					"DEBUG=1",
					"$(inherited)",
				);
				GCC_WARN_64_TO_32_BIT_CONVERSION = YES;
				GCC_WARN_ABOUT_RETURN_TYPE = YES_ERROR;
				GCC_WARN_UNDECLARED_SELECTOR = YES;
				GCC_WARN_UNINITIALIZED_AUTOS = YES_AGGRESSIVE;
				GCC_WARN_UNUSED_FUNCTION = YES;
				GCC_WARN_UNUSED_VARIABLE = YES;
				IPHONEOS_DEPLOYMENT_TARGET = 9.3;
				MTL_ENABLE_DEBUG_INFO = YES;
				ONLY_ACTIVE_ARCH = YES;
				PROVISIONING_PROFILE = "a358aa2d-ea89-454f-9f89-f480db6e2458";
				SDKROOT = iphoneos;
				SKIP_INSTALL = YES;
				SWIFT_OPTIMIZATION_LEVEL = "-Onone";
				TARGETED_DEVICE_FAMILY = "1,2";
				VALIDATE_PRODUCT = YES;
			};
			name = Debug;
		};
		007A57421C85CE49003A2030 /* Release */ = {
			isa = XCBuildConfiguration;
			buildSettings = {
				ALWAYS_SEARCH_USER_PATHS = NO;
				CLANG_CXX_LANGUAGE_STANDARD = "gnu++0x";
				CLANG_CXX_LIBRARY = "libc++";
				CLANG_ENABLE_MODULES = YES;
				CLANG_ENABLE_OBJC_ARC = YES;
				CLANG_WARN_BOOL_CONVERSION = YES;
				CLANG_WARN_CONSTANT_CONVERSION = YES;
				CLANG_WARN_DIRECT_OBJC_ISA_USAGE = YES_ERROR;
				CLANG_WARN_EMPTY_BODY = YES;
				CLANG_WARN_ENUM_CONVERSION = YES;
				CLANG_WARN_INFINITE_RECURSION = YES;
				CLANG_WARN_INT_CONVERSION = YES;
				CLANG_WARN_OBJC_ROOT_CLASS = YES_ERROR;
				CLANG_WARN_SUSPICIOUS_MOVE = YES;
				CLANG_WARN_UNREACHABLE_CODE = YES;
				CLANG_WARN__DUPLICATE_METHOD_MATCH = YES;
				CODE_SIGN_IDENTITY = "iPhone Distribution";
				"CODE_SIGN_IDENTITY[sdk=iphoneos*]" = "iPhone Distribution";
				COPY_PHASE_STRIP = NO;
				DEBUG_INFORMATION_FORMAT = "dwarf-with-dsym";
				ENABLE_NS_ASSERTIONS = NO;
				ENABLE_STRICT_OBJC_MSGSEND = YES;
				ENABLE_TESTABILITY = YES;
				GCC_C_LANGUAGE_STANDARD = gnu99;
				GCC_NO_COMMON_BLOCKS = YES;
				GCC_WARN_64_TO_32_BIT_CONVERSION = YES;
				GCC_WARN_ABOUT_RETURN_TYPE = YES_ERROR;
				GCC_WARN_UNDECLARED_SELECTOR = YES;
				GCC_WARN_UNINITIALIZED_AUTOS = YES_AGGRESSIVE;
				GCC_WARN_UNUSED_FUNCTION = YES;
				GCC_WARN_UNUSED_VARIABLE = YES;
				IPHONEOS_DEPLOYMENT_TARGET = 9.3;
				MTL_ENABLE_DEBUG_INFO = NO;
				PROVISIONING_PROFILE = "a358aa2d-ea89-454f-9f89-f480db6e2458";
				SDKROOT = iphoneos;
				SKIP_INSTALL = YES;
				SWIFT_OPTIMIZATION_LEVEL = "-Owholemodule";
				TARGETED_DEVICE_FAMILY = "1,2";
				VALIDATE_PRODUCT = YES;
			};
			name = Release;
		};
		007A57441C85CE49003A2030 /* Debug */ = {
			isa = XCBuildConfiguration;
			buildSettings = {
				CODE_SIGN_IDENTITY = "iPhone Distribution: Francisco Gorina Vanrell (N72U6DTDRE)";
				"CODE_SIGN_IDENTITY[sdk=watchos*]" = "iPhone Developer";
				DEVELOPMENT_TEAM = "";
				INFOPLIST_FILE = "9BMetrics WatchKit Extension/Info.plist";
				LD_RUNPATH_SEARCH_PATHS = "$(inherited) @executable_path/Frameworks @executable_path/../../Frameworks";
				PRODUCT_BUNDLE_IDENTIFIER = "es.gorina.9BMetrics.-BMetrics.watchkitapp.watchkitextension";
				PRODUCT_NAME = "${TARGET_NAME}";
				PROVISIONING_PROFILE = "";
				PROVISIONING_PROFILE_SPECIFIER = "";
				SDKROOT = watchos;
				SKIP_INSTALL = YES;
				SWIFT_VERSION = 3.0;
				TARGETED_DEVICE_FAMILY = 4;
				WATCHOS_DEPLOYMENT_TARGET = 3.0;
			};
			name = Debug;
		};
		007A57451C85CE49003A2030 /* Release */ = {
			isa = XCBuildConfiguration;
			buildSettings = {
				CODE_SIGN_IDENTITY = "iPhone Distribution: Francisco Gorina Vanrell (N72U6DTDRE)";
				"CODE_SIGN_IDENTITY[sdk=iphoneos*]" = "iPhone Distribution: Francisco Gorina Vanrell (N72U6DTDRE)";
				"CODE_SIGN_IDENTITY[sdk=watchos*]" = "iPhone Developer";
				DEVELOPMENT_TEAM = "";
				INFOPLIST_FILE = "9BMetrics WatchKit Extension/Info.plist";
				LD_RUNPATH_SEARCH_PATHS = "$(inherited) @executable_path/Frameworks @executable_path/../../Frameworks";
				PRODUCT_BUNDLE_IDENTIFIER = "es.gorina.9BMetrics.-BMetrics.watchkitapp.watchkitextension";
				PRODUCT_NAME = "${TARGET_NAME}";
				PROVISIONING_PROFILE = "";
				PROVISIONING_PROFILE_SPECIFIER = "";
				SDKROOT = watchos;
				SKIP_INSTALL = YES;
				SWIFT_VERSION = 3.0;
				TARGETED_DEVICE_FAMILY = 4;
				WATCHOS_DEPLOYMENT_TARGET = 3.0;
			};
			name = Release;
		};
		007A57481C85CE49003A2030 /* Debug */ = {
			isa = XCBuildConfiguration;
			buildSettings = {
				ALWAYS_EMBED_SWIFT_STANDARD_LIBRARIES = YES;
				ASSETCATALOG_COMPILER_APPICON_NAME = AppIconW;
				CODE_SIGN_IDENTITY = "iPhone Distribution: Francisco Gorina Vanrell (N72U6DTDRE)";
				"CODE_SIGN_IDENTITY[sdk=watchos*]" = "iPhone Developer";
				DEVELOPMENT_TEAM = "";
				IBSC_MODULE = _BMetrics_WatchKit_Extension;
				INFOPLIST_FILE = "9BMetrics WatchKit App/Info.plist";
				PRODUCT_BUNDLE_IDENTIFIER = "es.gorina.9BMetrics.-BMetrics.watchkitapp";
				PRODUCT_NAME = "$(TARGET_NAME)";
				PROVISIONING_PROFILE = "";
				PROVISIONING_PROFILE_SPECIFIER = "";
				SDKROOT = watchos;
				SKIP_INSTALL = YES;
				SWIFT_VERSION = 3.0;
				TARGETED_DEVICE_FAMILY = 4;
				WATCHOS_DEPLOYMENT_TARGET = 3.0;
			};
			name = Debug;
		};
		007A57491C85CE49003A2030 /* Release */ = {
			isa = XCBuildConfiguration;
			buildSettings = {
				ALWAYS_EMBED_SWIFT_STANDARD_LIBRARIES = YES;
				ASSETCATALOG_COMPILER_APPICON_NAME = AppIconW;
				CODE_SIGN_IDENTITY = "iPhone Distribution: Francisco Gorina Vanrell (N72U6DTDRE)";
				"CODE_SIGN_IDENTITY[sdk=iphoneos*]" = "iPhone Distribution: Francisco Gorina Vanrell (N72U6DTDRE)";
				"CODE_SIGN_IDENTITY[sdk=watchos*]" = "iPhone Developer";
				DEVELOPMENT_TEAM = "";
				IBSC_MODULE = _BMetrics_WatchKit_Extension;
				INFOPLIST_FILE = "9BMetrics WatchKit App/Info.plist";
				PRODUCT_BUNDLE_IDENTIFIER = "es.gorina.9BMetrics.-BMetrics.watchkitapp";
				PRODUCT_NAME = "$(TARGET_NAME)";
				PROVISIONING_PROFILE = "";
				PROVISIONING_PROFILE_SPECIFIER = "";
				SDKROOT = watchos;
				SKIP_INSTALL = YES;
				SWIFT_VERSION = 3.0;
				TARGETED_DEVICE_FAMILY = 4;
				WATCHOS_DEPLOYMENT_TARGET = 3.0;
			};
			name = Release;
		};
		007A574C1C85CE49003A2030 /* Debug */ = {
			isa = XCBuildConfiguration;
			buildSettings = {
				ASSETCATALOG_COMPILER_APPICON_NAME = AppIcon;
				CLANG_ENABLE_MODULES = YES;
				CODE_SIGN_ENTITLEMENTS = 9BMetrics/9BMetrics.entitlements;
				CODE_SIGN_IDENTITY = "iPhone Distribution: Francisco Gorina Vanrell (N72U6DTDRE)";
				"CODE_SIGN_IDENTITY[sdk=iphoneos*]" = "iPhone Developer";
				DEVELOPMENT_TEAM = "";
				FRAMEWORK_SEARCH_PATHS = (
					"$(inherited)",
					"$(PROJECT_DIR)",
				);
				INFOPLIST_FILE = 9BMetrics/Info.plist;
				IPHONEOS_DEPLOYMENT_TARGET = 9.3;
				LD_RUNPATH_SEARCH_PATHS = "$(inherited) @executable_path/Frameworks";
				PRODUCT_BUNDLE_IDENTIFIER = "es.gorina.9BMetrics.-BMetrics";
				PRODUCT_NAME = "$(TARGET_NAME)";
				PROVISIONING_PROFILE = "";
				PROVISIONING_PROFILE_SPECIFIER = "";
				SKIP_INSTALL = NO;
				SWIFT_OBJC_BRIDGING_HEADER = "9BMetrics-Bridging-Header.h";
				SWIFT_OPTIMIZATION_LEVEL = "-Onone";
				SWIFT_VERSION = 3.0;
			};
			name = Debug;
		};
		007A574D1C85CE49003A2030 /* Release */ = {
			isa = XCBuildConfiguration;
			buildSettings = {
				ASSETCATALOG_COMPILER_APPICON_NAME = AppIcon;
				CLANG_ENABLE_MODULES = YES;
				CODE_SIGN_ENTITLEMENTS = 9BMetrics/9BMetrics.entitlements;
				CODE_SIGN_IDENTITY = "iPhone Distribution: Francisco Gorina Vanrell (N72U6DTDRE)";
				"CODE_SIGN_IDENTITY[sdk=iphoneos*]" = "iPhone Developer";
				DEVELOPMENT_TEAM = "";
				FRAMEWORK_SEARCH_PATHS = (
					"$(inherited)",
					"$(PROJECT_DIR)",
				);
				INFOPLIST_FILE = 9BMetrics/Info.plist;
				IPHONEOS_DEPLOYMENT_TARGET = 9.3;
				LD_RUNPATH_SEARCH_PATHS = "$(inherited) @executable_path/Frameworks";
				PRODUCT_BUNDLE_IDENTIFIER = "es.gorina.9BMetrics.-BMetrics";
				PRODUCT_NAME = "$(TARGET_NAME)";
				PROVISIONING_PROFILE = "";
				PROVISIONING_PROFILE_SPECIFIER = "";
				SKIP_INSTALL = NO;
				SWIFT_OBJC_BRIDGING_HEADER = "9BMetrics-Bridging-Header.h";
				SWIFT_VERSION = 3.0;
			};
			name = Release;
		};
/* End XCBuildConfiguration section */

/* Begin XCConfigurationList section */
		007A570F1C85CE49003A2030 /* Build configuration list for PBXProject "9BMetrics" */ = {
			isa = XCConfigurationList;
			buildConfigurations = (
				007A57411C85CE49003A2030 /* Debug */,
				007A57421C85CE49003A2030 /* Release */,
			);
			defaultConfigurationIsVisible = 0;
			defaultConfigurationName = Release;
		};
		007A57431C85CE49003A2030 /* Build configuration list for PBXNativeTarget "9BMetrics WatchKit Extension" */ = {
			isa = XCConfigurationList;
			buildConfigurations = (
				007A57441C85CE49003A2030 /* Debug */,
				007A57451C85CE49003A2030 /* Release */,
			);
			defaultConfigurationIsVisible = 0;
			defaultConfigurationName = Release;
		};
		007A57471C85CE49003A2030 /* Build configuration list for PBXNativeTarget "9BMetrics WatchKit App" */ = {
			isa = XCConfigurationList;
			buildConfigurations = (
				007A57481C85CE49003A2030 /* Debug */,
				007A57491C85CE49003A2030 /* Release */,
			);
			defaultConfigurationIsVisible = 0;
			defaultConfigurationName = Release;
		};
		007A574B1C85CE49003A2030 /* Build configuration list for PBXNativeTarget "9BMetrics" */ = {
			isa = XCConfigurationList;
			buildConfigurations = (
				007A574C1C85CE49003A2030 /* Debug */,
				007A574D1C85CE49003A2030 /* Release */,
			);
			defaultConfigurationIsVisible = 0;
			defaultConfigurationName = Release;
		};
/* End XCConfigurationList section */
	};
	rootObject = 007A570C1C85CE49003A2030 /* Project object */;
}
